
Microsoft Visual Studio Solution File, Format Version 12.00
# Visual Studio Version 17
VisualStudioVersion = 17.11.35312.102
MinimumVisualStudioVersion = 10.0.40219.1
Project("{FAE04EC0-301F-11D3-BF4B-00C04F79EFBC}") = "TasklyAPI", "TasklyAPI\TasklyAPI.csproj", "{11B67712-6FFE-460F-A961-A312C0DBFB5A}"
EndProject
Global
	GlobalSection(SolutionConfigurationPlatforms) = preSolution
		Debug|Any CPU = Debug|Any CPU
		Release|Any CPU = Release|Any CPU
	EndGlobalSection
	GlobalSection(ProjectConfigurationPlatforms) = postSolution
		{11B67712-6FFE-460F-A961-A312C0DBFB5A}.Debug|Any CPU.ActiveCfg = Debug|Any CPU
		{11B67712-6FFE-460F-A961-A312C0DBFB5A}.Debug|Any CPU.Build.0 = Debug|Any CPU
		{11B67712-6FFE-460F-A961-A312C0DBFB5A}.Release|Any CPU.ActiveCfg = Release|Any CPU
		{11B67712-6FFE-460F-A961-A312C0DBFB5A}.Release|Any CPU.Build.0 = Release|Any CPU
	EndGlobalSection
	GlobalSection(SolutionProperties) = preSolution
		HideSolutionNode = FALSE
	EndGlobalSection
	GlobalSection(ExtensibilityGlobals) = postSolution
		SolutionGuid = {A6E22CA5-46C8-4AAD-80A1-BC409960EE0A}
	EndGlobalSection
EndGlobal
